
Microsoft Visual Studio Solution File, Format Version 12.00
# Visual Studio Version 17
VisualStudioVersion = 17.0.32112.339
MinimumVisualStudioVersion = 10.0.40219.1
Project("{9A19103F-16F7-4668-BE54-9A1E7A4F7556}") = "JibbleGroup.ConsoleApp", "JibbleGroup.Console\JibbleGroup.ConsoleApp.csproj", "{3C3F8DC0-D958-423B-9833-F65AA0F9DE59}"
EndProject
Project("{9A19103F-16F7-4668-BE54-9A1E7A4F7556}") = "JibbleGroup.Service", "JibbleGroup.Service\JibbleGroup.Service.csproj", "{E53D3EF4-DC2E-4810-AB56-6521FD010B3A}"
EndProject
Project("{9A19103F-16F7-4668-BE54-9A1E7A4F7556}") = "JibbleGroup.Model", "JibbleGroup.Model\JibbleGroup.Model.csproj", "{5309C5E5-ABE5-45A8-B695-03433AFF3DFF}"
EndProject
Project("{FAE04EC0-301F-11D3-BF4B-00C04F79EFBC}") = "JibbleGroup.Tests", "JibbleGroup.Tests\JibbleGroup.Tests.csproj", "{8F0C72D2-DD7E-402B-B4B4-63989F35096B}"
EndProject
Global
	GlobalSection(SolutionConfigurationPlatforms) = preSolution
		Debug|Any CPU = Debug|Any CPU
		Release|Any CPU = Release|Any CPU
	EndGlobalSection
	GlobalSection(ProjectConfigurationPlatforms) = postSolution
		{3C3F8DC0-D958-423B-9833-F65AA0F9DE59}.Debug|Any CPU.ActiveCfg = Debug|Any CPU
		{3C3F8DC0-D958-423B-9833-F65AA0F9DE59}.Debug|Any CPU.Build.0 = Debug|Any CPU
		{3C3F8DC0-D958-423B-9833-F65AA0F9DE59}.Release|Any CPU.ActiveCfg = Release|Any CPU
		{3C3F8DC0-D958-423B-9833-F65AA0F9DE59}.Release|Any CPU.Build.0 = Release|Any CPU
		{E53D3EF4-DC2E-4810-AB56-6521FD010B3A}.Debug|Any CPU.ActiveCfg = Debug|Any CPU
		{E53D3EF4-DC2E-4810-AB56-6521FD010B3A}.Debug|Any CPU.Build.0 = Debug|Any CPU
		{E53D3EF4-DC2E-4810-AB56-6521FD010B3A}.Release|Any CPU.ActiveCfg = Release|Any CPU
		{E53D3EF4-DC2E-4810-AB56-6521FD010B3A}.Release|Any CPU.Build.0 = Release|Any CPU
		{5309C5E5-ABE5-45A8-B695-03433AFF3DFF}.Debug|Any CPU.ActiveCfg = Debug|Any CPU
		{5309C5E5-ABE5-45A8-B695-03433AFF3DFF}.Debug|Any CPU.Build.0 = Debug|Any CPU
		{5309C5E5-ABE5-45A8-B695-03433AFF3DFF}.Release|Any CPU.ActiveCfg = Release|Any CPU
		{5309C5E5-ABE5-45A8-B695-03433AFF3DFF}.Release|Any CPU.Build.0 = Release|Any CPU
		{8F0C72D2-DD7E-402B-B4B4-63989F35096B}.Debug|Any CPU.ActiveCfg = Debug|Any CPU
		{8F0C72D2-DD7E-402B-B4B4-63989F35096B}.Debug|Any CPU.Build.0 = Debug|Any CPU
		{8F0C72D2-DD7E-402B-B4B4-63989F35096B}.Release|Any CPU.ActiveCfg = Release|Any CPU
		{8F0C72D2-DD7E-402B-B4B4-63989F35096B}.Release|Any CPU.Build.0 = Release|Any CPU
	EndGlobalSection
	GlobalSection(SolutionProperties) = preSolution
		HideSolutionNode = FALSE
	EndGlobalSection
	GlobalSection(ExtensibilityGlobals) = postSolution
		SolutionGuid = {C63AA751-AEFE-4AD6-8FC0-3737F599B9EA}
	EndGlobalSection
EndGlobal
